
Microsoft Visual Studio Solution File, Format Version 12.00
# Visual Studio Version 17
VisualStudioVersion = 17.10.35027.167
MinimumVisualStudioVersion = 10.0.40219.1
Project("{8BC9CEB8-8B4A-11D0-8D11-00A0C91BC942}") = "project_1", "project_1.vcxproj", "{DADB0B06-041A-429A-8D2D-62022B2FF13B}"
EndProject
Global
	GlobalSection(SolutionConfigurationPlatforms) = preSolution
		Debug|x64 = Debug|x64
		Debug|x86 = Debug|x86
		Release|x64 = Release|x64
		Release|x86 = Release|x86
	EndGlobalSection
	GlobalSection(ProjectConfigurationPlatforms) = postSolution
		{DADB0B06-041A-429A-8D2D-62022B2FF13B}.Debug|x64.ActiveCfg = Debug|x64
		{DADB0B06-041A-429A-8D2D-62022B2FF13B}.Debug|x64.Build.0 = Debug|x64
		{DADB0B06-041A-429A-8D2D-62022B2FF13B}.Debug|x86.ActiveCfg = Debug|Win32
		{DADB0B06-041A-429A-8D2D-62022B2FF13B}.Debug|x86.Build.0 = Debug|Win32
		{DADB0B06-041A-429A-8D2D-62022B2FF13B}.Release|x64.ActiveCfg = Release|x64
		{DADB0B06-041A-429A-8D2D-62022B2FF13B}.Release|x64.Build.0 = Release|x64
		{DADB0B06-041A-429A-8D2D-62022B2FF13B}.Release|x86.ActiveCfg = Release|Win32
		{DADB0B06-041A-429A-8D2D-62022B2FF13B}.Release|x86.Build.0 = Release|Win32
	EndGlobalSection
	GlobalSection(SolutionProperties) = preSolution
		HideSolutionNode = FALSE
	EndGlobalSection
	GlobalSection(ExtensibilityGlobals) = postSolution
		SolutionGuid = {EF37F499-DD06-49A3-8F7A-1F573F4B7094}
	EndGlobalSection
EndGlobal
